// !$*UTF8*$!
{
	archiveVersion = 1;
	classes = {
	};
	objectVersion = 52;
	objects = {

/* Begin PBXBuildFile section */
		36DCAB2DF9A46984D615F578 /* Pods_OneSignalNotificationServiceExtension.framework in Frameworks */ = {isa = PBXBuildFile; fileRef = B3FA014955A488E983B077B9 /* Pods_OneSignalNotificationServiceExtension.framework */; };
		6E4BDCD726C52A980015EC40 /* AppDelegate.swift in Sources */ = {isa = PBXBuildFile; fileRef = 6E4BDCD626C52A980015EC40 /* AppDelegate.swift */; };
		6E4BDCDB26C52A980015EC40 /* LoadingViewController.swift in Sources */ = {isa = PBXBuildFile; fileRef = 6E4BDCDA26C52A980015EC40 /* LoadingViewController.swift */; };
		6E4BDCDE26C52A980015EC40 /* Main.storyboard in Resources */ = {isa = PBXBuildFile; fileRef = 6E4BDCDC26C52A980015EC40 /* Main.storyboard */; };
		6E4BDCE026C52A9B0015EC40 /* Assets.xcassets in Resources */ = {isa = PBXBuildFile; fileRef = 6E4BDCDF26C52A9B0015EC40 /* Assets.xcassets */; };
		6E4BDCE326C52A9B0015EC40 /* LaunchScreen.storyboard in Resources */ = {isa = PBXBuildFile; fileRef = 6E4BDCE126C52A9B0015EC40 /* LaunchScreen.storyboard */; };
		6E4BDCF126C52AFF0015EC40 /* NotificationService.swift in Sources */ = {isa = PBXBuildFile; fileRef = 6E4BDCF026C52AFF0015EC40 /* NotificationService.swift */; };
		6E4BDCF526C52AFF0015EC40 /* OneSignalNotificationServiceExtension.appex in Embed App Extensions */ = {isa = PBXBuildFile; fileRef = 6E4BDCEE26C52AFF0015EC40 /* OneSignalNotificationServiceExtension.appex */; settings = {ATTRIBUTES = (RemoveHeadersOnCopy, ); }; };
		6E4BDCFF26C52CD50015EC40 /* RadialGradient.swift in Sources */ = {isa = PBXBuildFile; fileRef = 6E4BDCFB26C52CD40015EC40 /* RadialGradient.swift */; };
		6E4BDD0126C52CD50015EC40 /* Extensions.swift in Sources */ = {isa = PBXBuildFile; fileRef = 6E4BDCFD26C52CD40015EC40 /* Extensions.swift */; };
		6E4BDD0226C52CD50015EC40 /* AnimationSupport.swift in Sources */ = {isa = PBXBuildFile; fileRef = 6E4BDCFE26C52CD40015EC40 /* AnimationSupport.swift */; };
		6E4BDD0426C52D660015EC40 /* loading.json in Resources */ = {isa = PBXBuildFile; fileRef = 6E4BDD0326C52D660015EC40 /* loading.json */; };
		6E79D9AB26C6FBA900512135 /* CustomButton.swift in Sources */ = {isa = PBXBuildFile; fileRef = 6E79D9AA26C6FBA800512135 /* CustomButton.swift */; };
		6E79DA6C26C82E0D00512135 /* Sofia Pro Black Az.otf in Resources */ = {isa = PBXBuildFile; fileRef = 6E79DA6426C81B8800512135 /* Sofia Pro Black Az.otf */; };
		6E79DA6D26C82E0D00512135 /* Sofia Pro Bold Az.otf in Resources */ = {isa = PBXBuildFile; fileRef = 6E79DA6226C81B8700512135 /* Sofia Pro Bold Az.otf */; };
		6E79DA6E26C82E0D00512135 /* Sofia Pro Light Italic Az.otf in Resources */ = {isa = PBXBuildFile; fileRef = 6E79DA5C26C81B8600512135 /* Sofia Pro Light Italic Az.otf */; };
		6E79DA6F26C82E0D00512135 /* Sofia Pro ExtraLight Az.otf in Resources */ = {isa = PBXBuildFile; fileRef = 6E79DA6126C81B8700512135 /* Sofia Pro ExtraLight Az.otf */; };
		6E79DA7026C82E0D00512135 /* Sofia Pro Medium Az.otf in Resources */ = {isa = PBXBuildFile; fileRef = 6E79DA6726C81B8800512135 /* Sofia Pro Medium Az.otf */; };
		6E79DA7126C82E0D00512135 /* Sofia Pro Bold Italic Az.otf in Resources */ = {isa = PBXBuildFile; fileRef = 6E79DA6326C81B8700512135 /* Sofia Pro Bold Italic Az.otf */; };
		6E79DA7226C82E0D00512135 /* Sofia Pro ExtraLight Italic Az.otf in Resources */ = {isa = PBXBuildFile; fileRef = 6E79DA5E26C81B8700512135 /* Sofia Pro ExtraLight Italic Az.otf */; };
		6E79DA7326C82E0D00512135 /* Sofia Pro Regular Az.otf in Resources */ = {isa = PBXBuildFile; fileRef = 6E79DA6626C81B8800512135 /* Sofia Pro Regular Az.otf */; };
		6E79DA7426C82E0D00512135 /* Sofia Pro Semi Bold Az.otf in Resources */ = {isa = PBXBuildFile; fileRef = 6E79DA5F26C81B8700512135 /* Sofia Pro Semi Bold Az.otf */; };
		6E79DA7526C82E0D00512135 /* Sofia Pro UltraLight Az.otf in Resources */ = {isa = PBXBuildFile; fileRef = 6E79DA6926C81B8800512135 /* Sofia Pro UltraLight Az.otf */; };
		6E79DA7626C82E0D00512135 /* Sofia Pro UltraLight Italic Az.otf in Resources */ = {isa = PBXBuildFile; fileRef = 6E79DA6526C81B8800512135 /* Sofia Pro UltraLight Italic Az.otf */; };
		6E79DA7726C82E0D00512135 /* Sofia Pro Semi Bold Italic Az.otf in Resources */ = {isa = PBXBuildFile; fileRef = 6E79DA6826C81B8800512135 /* Sofia Pro Semi Bold Italic Az.otf */; };
		6E79DA7826C82E0D00512135 /* Sofia Pro Light Az.otf in Resources */ = {isa = PBXBuildFile; fileRef = 6E79DA6026C81B8700512135 /* Sofia Pro Light Az.otf */; };
		6E79DA7926C82E0D00512135 /* Sofia Pro Regular Italic Az.otf in Resources */ = {isa = PBXBuildFile; fileRef = 6E79DA6B26C81B8800512135 /* Sofia Pro Regular Italic Az.otf */; };
		6E79DA7A26C82E0D00512135 /* Sofia Pro Black Italic Az.otf in Resources */ = {isa = PBXBuildFile; fileRef = 6E79DA6A26C81B8800512135 /* Sofia Pro Black Italic Az.otf */; };
		6E79DA7B26C82E0D00512135 /* Sofia Pro Medium Italic Az.otf in Resources */ = {isa = PBXBuildFile; fileRef = 6E79DA5D26C81B8700512135 /* Sofia Pro Medium Italic Az.otf */; };
		6E84A30226C9ACAF00D6F5D2 /* SettingsCell.swift in Sources */ = {isa = PBXBuildFile; fileRef = 6E84A30026C9ACAF00D6F5D2 /* SettingsCell.swift */; };
		6E84A30326C9ACAF00D6F5D2 /* SettingsCell.xib in Resources */ = {isa = PBXBuildFile; fileRef = 6E84A30126C9ACAF00D6F5D2 /* SettingsCell.xib */; };
		6E84A30626C9ACE600D6F5D2 /* LocationViewPrimaryCell.swift in Sources */ = {isa = PBXBuildFile; fileRef = 6E84A30426C9ACE600D6F5D2 /* LocationViewPrimaryCell.swift */; };
		6E84A30726C9ACE600D6F5D2 /* LocationViewPrimaryCell.xib in Resources */ = {isa = PBXBuildFile; fileRef = 6E84A30526C9ACE600D6F5D2 /* LocationViewPrimaryCell.xib */; };
		6EC7BD7026C66C410045E42A /* ServerUsageTracker.swift in Sources */ = {isa = PBXBuildFile; fileRef = 6EC7BD6C26C66C410045E42A /* ServerUsageTracker.swift */; };
		6EC7BD7126C66C410045E42A /* KeychainService.swift in Sources */ = {isa = PBXBuildFile; fileRef = 6EC7BD6D26C66C410045E42A /* KeychainService.swift */; };
		6EC7BD7226C66C410045E42A /* VPNPSK.swift in Sources */ = {isa = PBXBuildFile; fileRef = 6EC7BD6E26C66C410045E42A /* VPNPSK.swift */; };
		6EF3AEDF26C65594007365DD /* SettingsViewController.swift in Sources */ = {isa = PBXBuildFile; fileRef = 6EF3AEDE26C65594007365DD /* SettingsViewController.swift */; };
		6EF3AEE126C655D9007365DD /* MainViewController.swift in Sources */ = {isa = PBXBuildFile; fileRef = 6EF3AEE026C655D9007365DD /* MainViewController.swift */; };
		6EF3AEE326C6561E007365DD /* LocationViewController.swift in Sources */ = {isa = PBXBuildFile; fileRef = 6EF3AEE226C6561E007365DD /* LocationViewController.swift */; };
		88E9C7888D203353DCC86E9B /* Pods_FlashVPN.framework in Frameworks */ = {isa = PBXBuildFile; fileRef = 4B156C3BE140901C8AA97ABB /* Pods_FlashVPN.framework */; };
		9C16BBD326F2053500580A95 /* LandModel.swift in Sources */ = {isa = PBXBuildFile; fileRef = 9C16BBD126F2053400580A95 /* LandModel.swift */; };
		9C16BBD926F22CBE00580A95 /* LandingViewController.swift in Sources */ = {isa = PBXBuildFile; fileRef = 9C16BBD826F22CBE00580A95 /* LandingViewController.swift */; };
		9C35CCDA27709D6B00DA4069 /* OptimalServer.swift in Sources */ = {isa = PBXBuildFile; fileRef = 9C35CCD927709D6B00DA4069 /* OptimalServer.swift */; };
		9CD61FF52795CE8A00C62C7F /* DataCompression.framework in Frameworks */ = {isa = PBXBuildFile; fileRef = 9CD61FED2795CE8200C62C7F /* DataCompression.framework */; platformFilter = ios; };
		9CD61FF62795CE8B00C62C7F /* DataCompression.framework in Embed Frameworks */ = {isa = PBXBuildFile; fileRef = 9CD61FED2795CE8200C62C7F /* DataCompression.framework */; platformFilter = ios; settings = {ATTRIBUTES = (CodeSignOnCopy, RemoveHeadersOnCopy, ); }; };
		9CD61FF72795CE8B00C62C7F /* Socket.framework in Frameworks */ = {isa = PBXBuildFile; fileRef = 9CD61FEE2795CE8300C62C7F /* Socket.framework */; platformFilter = ios; };
		9CD61FF82795CE8B00C62C7F /* Socket.framework in Embed Frameworks */ = {isa = PBXBuildFile; fileRef = 9CD61FEE2795CE8300C62C7F /* Socket.framework */; platformFilter = ios; settings = {ATTRIBUTES = (CodeSignOnCopy, RemoveHeadersOnCopy, ); }; };
		9CD61FF92795CE8B00C62C7F /* SpeedcheckerReportSDK.framework in Frameworks */ = {isa = PBXBuildFile; fileRef = 9CD61FEB2795CE8000C62C7F /* SpeedcheckerReportSDK.framework */; platformFilter = ios; };
		9CD61FFA2795CE8B00C62C7F /* SpeedcheckerReportSDK.framework in Embed Frameworks */ = {isa = PBXBuildFile; fileRef = 9CD61FEB2795CE8000C62C7F /* SpeedcheckerReportSDK.framework */; platformFilter = ios; settings = {ATTRIBUTES = (CodeSignOnCopy, RemoveHeadersOnCopy, ); }; };
		9CD61FFB2795CE8B00C62C7F /* SpeedcheckerSDK.framework in Frameworks */ = {isa = PBXBuildFile; fileRef = 9CD61FEF2795CE8400C62C7F /* SpeedcheckerSDK.framework */; platformFilter = ios; };
		9CD61FFC2795CE8B00C62C7F /* SpeedcheckerSDK.framework in Embed Frameworks */ = {isa = PBXBuildFile; fileRef = 9CD61FEF2795CE8400C62C7F /* SpeedcheckerSDK.framework */; platformFilter = ios; settings = {ATTRIBUTES = (CodeSignOnCopy, RemoveHeadersOnCopy, ); }; };
		9CD61FFD2795CE8B00C62C7F /* XMLParsing.framework in Frameworks */ = {isa = PBXBuildFile; fileRef = 9CD61FEC2795CE8100C62C7F /* XMLParsing.framework */; platformFilter = ios; };
		9CD61FFE2795CE8B00C62C7F /* XMLParsing.framework in Embed Frameworks */ = {isa = PBXBuildFile; fileRef = 9CD61FEC2795CE8100C62C7F /* XMLParsing.framework */; platformFilter = ios; settings = {ATTRIBUTES = (CodeSignOnCopy, RemoveHeadersOnCopy, ); }; };
		9CF7F09D2770868800F36271 /* GoogleService-Info.plist in Resources */ = {isa = PBXBuildFile; fileRef = 9CF7F09C2770868800F36271 /* GoogleService-Info.plist */; };
/* End PBXBuildFile section */

/* Begin PBXContainerItemProxy section */
		6E4BDCF326C52AFF0015EC40 /* PBXContainerItemProxy */ = {
			isa = PBXContainerItemProxy;
			containerPortal = 6E4BDCCB26C52A980015EC40 /* Project object */;
			proxyType = 1;
			remoteGlobalIDString = 6E4BDCED26C52AFF0015EC40;
			remoteInfo = OneSignalNotificationServiceExtension;
		};
/* End PBXContainerItemProxy section */

/* Begin PBXCopyFilesBuildPhase section */
		6E4BDCF626C52AFF0015EC40 /* Embed App Extensions */ = {
			isa = PBXCopyFilesBuildPhase;
			buildActionMask = 2147483647;
			dstPath = "";
			dstSubfolderSpec = 13;
			files = (
				6E4BDCF526C52AFF0015EC40 /* OneSignalNotificationServiceExtension.appex in Embed App Extensions */,
			);
			name = "Embed App Extensions";
			runOnlyForDeploymentPostprocessing = 0;
		};
		9CB53D6226D8DDFA005508DB /* Embed Frameworks */ = {
			isa = PBXCopyFilesBuildPhase;
			buildActionMask = 2147483647;
			dstPath = "";
			dstSubfolderSpec = 10;
			files = (
				9CD61FF62795CE8B00C62C7F /* DataCompression.framework in Embed Frameworks */,
				9CD61FFC2795CE8B00C62C7F /* SpeedcheckerSDK.framework in Embed Frameworks */,
				9CD61FFE2795CE8B00C62C7F /* XMLParsing.framework in Embed Frameworks */,
				9CD61FF82795CE8B00C62C7F /* Socket.framework in Embed Frameworks */,
				9CD61FFA2795CE8B00C62C7F /* SpeedcheckerReportSDK.framework in Embed Frameworks */,
			);
			name = "Embed Frameworks";
			runOnlyForDeploymentPostprocessing = 0;
		};
/* End PBXCopyFilesBuildPhase section */

/* Begin PBXFileReference section */
		1CAE7D2C035641F18F1C4AB7 /* Pods-OneSignalNotificationServiceExtension.debug.xcconfig */ = {isa = PBXFileReference; includeInIndex = 1; lastKnownFileType = text.xcconfig; name = "Pods-OneSignalNotificationServiceExtension.debug.xcconfig"; path = "Target Support Files/Pods-OneSignalNotificationServiceExtension/Pods-OneSignalNotificationServiceExtension.debug.xcconfig"; sourceTree = "<group>"; };
		32221E5C9765E106AEAE4498 /* Pods-FlashVPN.release.xcconfig */ = {isa = PBXFileReference; includeInIndex = 1; lastKnownFileType = text.xcconfig; name = "Pods-FlashVPN.release.xcconfig"; path = "Target Support Files/Pods-FlashVPN/Pods-FlashVPN.release.xcconfig"; sourceTree = "<group>"; };
		43A783620A350825DC02A90B /* Pods-FlashVPN.debug.xcconfig */ = {isa = PBXFileReference; includeInIndex = 1; lastKnownFileType = text.xcconfig; name = "Pods-FlashVPN.debug.xcconfig"; path = "Target Support Files/Pods-FlashVPN/Pods-FlashVPN.debug.xcconfig"; sourceTree = "<group>"; };
		4B156C3BE140901C8AA97ABB /* Pods_FlashVPN.framework */ = {isa = PBXFileReference; explicitFileType = wrapper.framework; includeInIndex = 0; path = Pods_FlashVPN.framework; sourceTree = BUILT_PRODUCTS_DIR; };
		6E4BDCD326C52A980015EC40 /* FlashVPN.app */ = {isa = PBXFileReference; explicitFileType = wrapper.application; includeInIndex = 0; path = FlashVPN.app; sourceTree = BUILT_PRODUCTS_DIR; };
		6E4BDCD626C52A980015EC40 /* AppDelegate.swift */ = {isa = PBXFileReference; lastKnownFileType = sourcecode.swift; path = AppDelegate.swift; sourceTree = "<group>"; };
		6E4BDCDA26C52A980015EC40 /* LoadingViewController.swift */ = {isa = PBXFileReference; lastKnownFileType = sourcecode.swift; path = LoadingViewController.swift; sourceTree = "<group>"; };
		6E4BDCDD26C52A980015EC40 /* Base */ = {isa = PBXFileReference; lastKnownFileType = file.storyboard; name = Base; path = Base.lproj/Main.storyboard; sourceTree = "<group>"; };
		6E4BDCDF26C52A9B0015EC40 /* Assets.xcassets */ = {isa = PBXFileReference; lastKnownFileType = folder.assetcatalog; path = Assets.xcassets; sourceTree = "<group>"; };
		6E4BDCE226C52A9B0015EC40 /* Base */ = {isa = PBXFileReference; lastKnownFileType = file.storyboard; name = Base; path = Base.lproj/LaunchScreen.storyboard; sourceTree = "<group>"; };
		6E4BDCE426C52A9B0015EC40 /* Info.plist */ = {isa = PBXFileReference; lastKnownFileType = text.plist.xml; path = Info.plist; sourceTree = "<group>"; };
		6E4BDCEE26C52AFF0015EC40 /* OneSignalNotificationServiceExtension.appex */ = {isa = PBXFileReference; explicitFileType = "wrapper.app-extension"; includeInIndex = 0; path = OneSignalNotificationServiceExtension.appex; sourceTree = BUILT_PRODUCTS_DIR; };
		6E4BDCF026C52AFF0015EC40 /* NotificationService.swift */ = {isa = PBXFileReference; lastKnownFileType = sourcecode.swift; path = NotificationService.swift; sourceTree = "<group>"; };
		6E4BDCF226C52AFF0015EC40 /* Info.plist */ = {isa = PBXFileReference; lastKnownFileType = text.plist.xml; path = Info.plist; sourceTree = "<group>"; };
		6E4BDCFB26C52CD40015EC40 /* RadialGradient.swift */ = {isa = PBXFileReference; fileEncoding = 4; lastKnownFileType = sourcecode.swift; path = RadialGradient.swift; sourceTree = "<group>"; };
		6E4BDCFD26C52CD40015EC40 /* Extensions.swift */ = {isa = PBXFileReference; fileEncoding = 4; lastKnownFileType = sourcecode.swift; path = Extensions.swift; sourceTree = "<group>"; };
		6E4BDCFE26C52CD40015EC40 /* AnimationSupport.swift */ = {isa = PBXFileReference; fileEncoding = 4; lastKnownFileType = sourcecode.swift; path = AnimationSupport.swift; sourceTree = "<group>"; };
		6E4BDD0326C52D660015EC40 /* loading.json */ = {isa = PBXFileReference; fileEncoding = 4; lastKnownFileType = text.json; path = loading.json; sourceTree = "<group>"; };
		6E79D9A726C6E52100512135 /* FlashVPN.entitlements */ = {isa = PBXFileReference; lastKnownFileType = text.plist.entitlements; path = FlashVPN.entitlements; sourceTree = "<group>"; };
		6E79D9A826C6E52C00512135 /* NetworkExtension.framework */ = {isa = PBXFileReference; lastKnownFileType = wrapper.framework; name = NetworkExtension.framework; path = System/Library/Frameworks/NetworkExtension.framework; sourceTree = SDKROOT; };
		6E79D9AA26C6FBA800512135 /* CustomButton.swift */ = {isa = PBXFileReference; fileEncoding = 4; lastKnownFileType = sourcecode.swift; path = CustomButton.swift; sourceTree = "<group>"; };
		6E79DA5C26C81B8600512135 /* Sofia Pro Light Italic Az.otf */ = {isa = PBXFileReference; lastKnownFileType = file; path = "Sofia Pro Light Italic Az.otf"; sourceTree = "<group>"; };
		6E79DA5D26C81B8700512135 /* Sofia Pro Medium Italic Az.otf */ = {isa = PBXFileReference; lastKnownFileType = file; path = "Sofia Pro Medium Italic Az.otf"; sourceTree = "<group>"; };
		6E79DA5E26C81B8700512135 /* Sofia Pro ExtraLight Italic Az.otf */ = {isa = PBXFileReference; lastKnownFileType = file; path = "Sofia Pro ExtraLight Italic Az.otf"; sourceTree = "<group>"; };
		6E79DA5F26C81B8700512135 /* Sofia Pro Semi Bold Az.otf */ = {isa = PBXFileReference; lastKnownFileType = file; path = "Sofia Pro Semi Bold Az.otf"; sourceTree = "<group>"; };
		6E79DA6026C81B8700512135 /* Sofia Pro Light Az.otf */ = {isa = PBXFileReference; lastKnownFileType = file; path = "Sofia Pro Light Az.otf"; sourceTree = "<group>"; };
		6E79DA6126C81B8700512135 /* Sofia Pro ExtraLight Az.otf */ = {isa = PBXFileReference; lastKnownFileType = file; path = "Sofia Pro ExtraLight Az.otf"; sourceTree = "<group>"; };
		6E79DA6226C81B8700512135 /* Sofia Pro Bold Az.otf */ = {isa = PBXFileReference; lastKnownFileType = file; path = "Sofia Pro Bold Az.otf"; sourceTree = "<group>"; };
		6E79DA6326C81B8700512135 /* Sofia Pro Bold Italic Az.otf */ = {isa = PBXFileReference; lastKnownFileType = file; path = "Sofia Pro Bold Italic Az.otf"; sourceTree = "<group>"; };
		6E79DA6426C81B8800512135 /* Sofia Pro Black Az.otf */ = {isa = PBXFileReference; lastKnownFileType = file; path = "Sofia Pro Black Az.otf"; sourceTree = "<group>"; };
		6E79DA6526C81B8800512135 /* Sofia Pro UltraLight Italic Az.otf */ = {isa = PBXFileReference; lastKnownFileType = file; path = "Sofia Pro UltraLight Italic Az.otf"; sourceTree = "<group>"; };
		6E79DA6626C81B8800512135 /* Sofia Pro Regular Az.otf */ = {isa = PBXFileReference; lastKnownFileType = file; path = "Sofia Pro Regular Az.otf"; sourceTree = "<group>"; };
		6E79DA6726C81B8800512135 /* Sofia Pro Medium Az.otf */ = {isa = PBXFileReference; lastKnownFileType = file; path = "Sofia Pro Medium Az.otf"; sourceTree = "<group>"; };
		6E79DA6826C81B8800512135 /* Sofia Pro Semi Bold Italic Az.otf */ = {isa = PBXFileReference; lastKnownFileType = file; path = "Sofia Pro Semi Bold Italic Az.otf"; sourceTree = "<group>"; };
		6E79DA6926C81B8800512135 /* Sofia Pro UltraLight Az.otf */ = {isa = PBXFileReference; lastKnownFileType = file; path = "Sofia Pro UltraLight Az.otf"; sourceTree = "<group>"; };
		6E79DA6A26C81B8800512135 /* Sofia Pro Black Italic Az.otf */ = {isa = PBXFileReference; lastKnownFileType = file; path = "Sofia Pro Black Italic Az.otf"; sourceTree = "<group>"; };
		6E79DA6B26C81B8800512135 /* Sofia Pro Regular Italic Az.otf */ = {isa = PBXFileReference; lastKnownFileType = file; path = "Sofia Pro Regular Italic Az.otf"; sourceTree = "<group>"; };
		6E84A30026C9ACAF00D6F5D2 /* SettingsCell.swift */ = {isa = PBXFileReference; fileEncoding = 4; lastKnownFileType = sourcecode.swift; path = SettingsCell.swift; sourceTree = "<group>"; };
		6E84A30126C9ACAF00D6F5D2 /* SettingsCell.xib */ = {isa = PBXFileReference; fileEncoding = 4; lastKnownFileType = file.xib; path = SettingsCell.xib; sourceTree = "<group>"; };
		6E84A30426C9ACE600D6F5D2 /* LocationViewPrimaryCell.swift */ = {isa = PBXFileReference; fileEncoding = 4; lastKnownFileType = sourcecode.swift; path = LocationViewPrimaryCell.swift; sourceTree = "<group>"; };
		6E84A30526C9ACE600D6F5D2 /* LocationViewPrimaryCell.xib */ = {isa = PBXFileReference; fileEncoding = 4; lastKnownFileType = file.xib; path = LocationViewPrimaryCell.xib; sourceTree = "<group>"; };
		6EC7BD6C26C66C410045E42A /* ServerUsageTracker.swift */ = {isa = PBXFileReference; fileEncoding = 4; lastKnownFileType = sourcecode.swift; path = ServerUsageTracker.swift; sourceTree = "<group>"; };
		6EC7BD6D26C66C410045E42A /* KeychainService.swift */ = {isa = PBXFileReference; fileEncoding = 4; lastKnownFileType = sourcecode.swift; path = KeychainService.swift; sourceTree = "<group>"; };
		6EC7BD6E26C66C410045E42A /* VPNPSK.swift */ = {isa = PBXFileReference; fileEncoding = 4; lastKnownFileType = sourcecode.swift; path = VPNPSK.swift; sourceTree = "<group>"; };
		6EF3AEDE26C65594007365DD /* SettingsViewController.swift */ = {isa = PBXFileReference; lastKnownFileType = sourcecode.swift; path = SettingsViewController.swift; sourceTree = "<group>"; };
		6EF3AEE026C655D9007365DD /* MainViewController.swift */ = {isa = PBXFileReference; lastKnownFileType = sourcecode.swift; path = MainViewController.swift; sourceTree = "<group>"; };
		6EF3AEE226C6561E007365DD /* LocationViewController.swift */ = {isa = PBXFileReference; lastKnownFileType = sourcecode.swift; path = LocationViewController.swift; sourceTree = "<group>"; };
		9C16BBD126F2053400580A95 /* LandModel.swift */ = {isa = PBXFileReference; fileEncoding = 4; lastKnownFileType = sourcecode.swift; path = LandModel.swift; sourceTree = "<group>"; };
		9C16BBD826F22CBE00580A95 /* LandingViewController.swift */ = {isa = PBXFileReference; lastKnownFileType = sourcecode.swift; path = LandingViewController.swift; sourceTree = "<group>"; };
		9C35CCD927709D6B00DA4069 /* OptimalServer.swift */ = {isa = PBXFileReference; lastKnownFileType = sourcecode.swift; path = OptimalServer.swift; sourceTree = "<group>"; };
		9CD61FEB2795CE8000C62C7F /* SpeedcheckerReportSDK.framework */ = {isa = PBXFileReference; lastKnownFileType = wrapper.framework; path = SpeedcheckerReportSDK.framework; sourceTree = "<group>"; };
		9CD61FEC2795CE8100C62C7F /* XMLParsing.framework */ = {isa = PBXFileReference; lastKnownFileType = wrapper.framework; path = XMLParsing.framework; sourceTree = "<group>"; };
		9CD61FED2795CE8200C62C7F /* DataCompression.framework */ = {isa = PBXFileReference; lastKnownFileType = wrapper.framework; path = DataCompression.framework; sourceTree = "<group>"; };
		9CD61FEE2795CE8300C62C7F /* Socket.framework */ = {isa = PBXFileReference; lastKnownFileType = wrapper.framework; path = Socket.framework; sourceTree = "<group>"; };
		9CD61FEF2795CE8400C62C7F /* SpeedcheckerSDK.framework */ = {isa = PBXFileReference; lastKnownFileType = wrapper.framework; path = SpeedcheckerSDK.framework; sourceTree = "<group>"; };
		9CF7F09C2770868800F36271 /* GoogleService-Info.plist */ = {isa = PBXFileReference; fileEncoding = 4; lastKnownFileType = text.plist.xml; path = "GoogleService-Info.plist"; sourceTree = "<group>"; };
		A24227F7028202CF24CC0834 /* Pods-OneSignalNotificationServiceExtension.release.xcconfig */ = {isa = PBXFileReference; includeInIndex = 1; lastKnownFileType = text.xcconfig; name = "Pods-OneSignalNotificationServiceExtension.release.xcconfig"; path = "Target Support Files/Pods-OneSignalNotificationServiceExtension/Pods-OneSignalNotificationServiceExtension.release.xcconfig"; sourceTree = "<group>"; };
		B3FA014955A488E983B077B9 /* Pods_OneSignalNotificationServiceExtension.framework */ = {isa = PBXFileReference; explicitFileType = wrapper.framework; includeInIndex = 0; path = Pods_OneSignalNotificationServiceExtension.framework; sourceTree = BUILT_PRODUCTS_DIR; };
/* End PBXFileReference section */

/* Begin PBXFrameworksBuildPhase section */
		6E4BDCD026C52A980015EC40 /* Frameworks */ = {
			isa = PBXFrameworksBuildPhase;
			buildActionMask = 2147483647;
			files = (
				88E9C7888D203353DCC86E9B /* Pods_FlashVPN.framework in Frameworks */,
				9CD61FFD2795CE8B00C62C7F /* XMLParsing.framework in Frameworks */,
				9CD61FFB2795CE8B00C62C7F /* SpeedcheckerSDK.framework in Frameworks */,
				9CD61FF52795CE8A00C62C7F /* DataCompression.framework in Frameworks */,
				9CD61FF72795CE8B00C62C7F /* Socket.framework in Frameworks */,
				9CD61FF92795CE8B00C62C7F /* SpeedcheckerReportSDK.framework in Frameworks */,
			);
			runOnlyForDeploymentPostprocessing = 0;
		};
		6E4BDCEB26C52AFF0015EC40 /* Frameworks */ = {
			isa = PBXFrameworksBuildPhase;
			buildActionMask = 2147483647;
			files = (
				36DCAB2DF9A46984D615F578 /* Pods_OneSignalNotificationServiceExtension.framework in Frameworks */,
			);
			runOnlyForDeploymentPostprocessing = 0;
		};
/* End PBXFrameworksBuildPhase section */

/* Begin PBXGroup section */
		59E602F25488F094B4565355 /* Frameworks */ = {
			isa = PBXGroup;
			children = (
				6E79D9A826C6E52C00512135 /* NetworkExtension.framework */,
				4B156C3BE140901C8AA97ABB /* Pods_FlashVPN.framework */,
				B3FA014955A488E983B077B9 /* Pods_OneSignalNotificationServiceExtension.framework */,
			);
			name = Frameworks;
			sourceTree = "<group>";
		};
		6E4BDCCA26C52A980015EC40 = {
			isa = PBXGroup;
			children = (
				6E4BDCD526C52A980015EC40 /* FlashVPN */,
				6E4BDCEF26C52AFF0015EC40 /* OneSignalNotificationServiceExtension */,
				6E4BDCD426C52A980015EC40 /* Products */,
				A8A55B5F6A598E63CA6A2BCD /* Pods */,
				59E602F25488F094B4565355 /* Frameworks */,
			);
			sourceTree = "<group>";
		};
		6E4BDCD426C52A980015EC40 /* Products */ = {
			isa = PBXGroup;
			children = (
				6E4BDCD326C52A980015EC40 /* FlashVPN.app */,
				6E4BDCEE26C52AFF0015EC40 /* OneSignalNotificationServiceExtension.appex */,
			);
			name = Products;
			sourceTree = "<group>";
		};
		6E4BDCD526C52A980015EC40 /* FlashVPN */ = {
			isa = PBXGroup;
			children = (
				9CF7F09C2770868800F36271 /* GoogleService-Info.plist */,
				6E79D9A726C6E52100512135 /* FlashVPN.entitlements */,
				6EC7BD6B26C66C220045E42A /* Service */,
				6EF3AEDA26C653F9007365DD /* Premium */,
				6EF3AED926C653EF007365DD /* Settings */,
				6EF3AED826C653DB007365DD /* Loading */,
				6EF3AECE26C64AE1007365DD /* Main */,
				6EF3AECF26C64AE7007365DD /* Location */,
				6EF3AED126C64B2D007365DD /* Common */,
				6EF3AED026C64AF5007365DD /* App */,
				6E4BDD0726C52D810015EC40 /* Assets */,
				6E4BDCFA26C52CD40015EC40 /* Helpers */,
				6E4BDCE426C52A9B0015EC40 /* Info.plist */,
			);
			path = FlashVPN;
			sourceTree = "<group>";
		};
		6E4BDCEF26C52AFF0015EC40 /* OneSignalNotificationServiceExtension */ = {
			isa = PBXGroup;
			children = (
				6E4BDCF026C52AFF0015EC40 /* NotificationService.swift */,
				6E4BDCF226C52AFF0015EC40 /* Info.plist */,
			);
			path = OneSignalNotificationServiceExtension;
			sourceTree = "<group>";
		};
		6E4BDCFA26C52CD40015EC40 /* Helpers */ = {
			isa = PBXGroup;
			children = (
				6E79D9AA26C6FBA800512135 /* CustomButton.swift */,
				6E4BDCFB26C52CD40015EC40 /* RadialGradient.swift */,
				6E4BDCFD26C52CD40015EC40 /* Extensions.swift */,
				6E4BDCFE26C52CD40015EC40 /* AnimationSupport.swift */,
			);
			path = Helpers;
			sourceTree = "<group>";
		};
		6E4BDD0726C52D810015EC40 /* Assets */ = {
			isa = PBXGroup;
			children = (
				6E4BDCDF26C52A9B0015EC40 /* Assets.xcassets */,
				6E79DA6426C81B8800512135 /* Sofia Pro Black Az.otf */,
				6E79DA6A26C81B8800512135 /* Sofia Pro Black Italic Az.otf */,
				6E79DA6226C81B8700512135 /* Sofia Pro Bold Az.otf */,
				6E79DA6326C81B8700512135 /* Sofia Pro Bold Italic Az.otf */,
				6E79DA6126C81B8700512135 /* Sofia Pro ExtraLight Az.otf */,
				6E79DA5E26C81B8700512135 /* Sofia Pro ExtraLight Italic Az.otf */,
				6E79DA6026C81B8700512135 /* Sofia Pro Light Az.otf */,
				6E79DA5C26C81B8600512135 /* Sofia Pro Light Italic Az.otf */,
				6E79DA6726C81B8800512135 /* Sofia Pro Medium Az.otf */,
				6E79DA5D26C81B8700512135 /* Sofia Pro Medium Italic Az.otf */,
				6E79DA6626C81B8800512135 /* Sofia Pro Regular Az.otf */,
				6E79DA6B26C81B8800512135 /* Sofia Pro Regular Italic Az.otf */,
				6E79DA5F26C81B8700512135 /* Sofia Pro Semi Bold Az.otf */,
				6E79DA6826C81B8800512135 /* Sofia Pro Semi Bold Italic Az.otf */,
				6E79DA6926C81B8800512135 /* Sofia Pro UltraLight Az.otf */,
				6E79DA6526C81B8800512135 /* Sofia Pro UltraLight Italic Az.otf */,
				6E4BDD0326C52D660015EC40 /* loading.json */,
			);
			path = Assets;
			sourceTree = "<group>";
		};
		6E79DA8426C92E3100512135 /* Cell */ = {
			isa = PBXGroup;
			children = (
				6E84A30026C9ACAF00D6F5D2 /* SettingsCell.swift */,
				6E84A30126C9ACAF00D6F5D2 /* SettingsCell.xib */,
			);
			path = Cell;
			sourceTree = "<group>";
		};
		6EC7BD6B26C66C220045E42A /* Service */ = {
			isa = PBXGroup;
			children = (
				9CD61FEA2795CE7600C62C7F /* SCK */,
				6EC7BD6D26C66C410045E42A /* KeychainService.swift */,
				6EC7BD6C26C66C410045E42A /* ServerUsageTracker.swift */,
				6EC7BD6E26C66C410045E42A /* VPNPSK.swift */,
				9C35CCD927709D6B00DA4069 /* OptimalServer.swift */,
			);
			path = Service;
			sourceTree = "<group>";
		};
		6EF3AECE26C64AE1007365DD /* Main */ = {
			isa = PBXGroup;
			children = (
				6EF3AEE026C655D9007365DD /* MainViewController.swift */,
			);
			path = Main;
			sourceTree = "<group>";
		};
		6EF3AECF26C64AE7007365DD /* Location */ = {
			isa = PBXGroup;
			children = (
				6EF3AED226C64B47007365DD /* Cells */,
				6EF3AEE226C6561E007365DD /* LocationViewController.swift */,
			);
			path = Location;
			sourceTree = "<group>";
		};
		6EF3AED026C64AF5007365DD /* App */ = {
			isa = PBXGroup;
			children = (
				6E4BDCE126C52A9B0015EC40 /* LaunchScreen.storyboard */,
				6E4BDCD626C52A980015EC40 /* AppDelegate.swift */,
			);
			path = App;
			sourceTree = "<group>";
		};
		6EF3AED126C64B2D007365DD /* Common */ = {
			isa = PBXGroup;
			children = (
				6E4BDCDC26C52A980015EC40 /* Main.storyboard */,
			);
			path = Common;
			sourceTree = "<group>";
		};
		6EF3AED226C64B47007365DD /* Cells */ = {
			isa = PBXGroup;
			children = (
				6E84A30426C9ACE600D6F5D2 /* LocationViewPrimaryCell.swift */,
				6E84A30526C9ACE600D6F5D2 /* LocationViewPrimaryCell.xib */,
			);
			path = Cells;
			sourceTree = "<group>";
		};
		6EF3AED826C653DB007365DD /* Loading */ = {
			isa = PBXGroup;
			children = (
				6E4BDCDA26C52A980015EC40 /* LoadingViewController.swift */,
			);
			path = Loading;
			sourceTree = "<group>";
		};
		6EF3AED926C653EF007365DD /* Settings */ = {
			isa = PBXGroup;
			children = (
				6E79DA8426C92E3100512135 /* Cell */,
				6EF3AEDE26C65594007365DD /* SettingsViewController.swift */,
			);
			path = Settings;
			sourceTree = "<group>";
		};
		6EF3AEDA26C653F9007365DD /* Premium */ = {
			isa = PBXGroup;
			children = (
				9C16BBD826F22CBE00580A95 /* LandingViewController.swift */,
				9C16BBD126F2053400580A95 /* LandModel.swift */,
			);
			path = Premium;
			sourceTree = "<group>";
		};
		9CD61FEA2795CE7600C62C7F /* SCK */ = {
			isa = PBXGroup;
			children = (
				9CD61FED2795CE8200C62C7F /* DataCompression.framework */,
				9CD61FEE2795CE8300C62C7F /* Socket.framework */,
				9CD61FEB2795CE8000C62C7F /* SpeedcheckerReportSDK.framework */,
				9CD61FEF2795CE8400C62C7F /* SpeedcheckerSDK.framework */,
				9CD61FEC2795CE8100C62C7F /* XMLParsing.framework */,
			);
			path = SCK;
			sourceTree = "<group>";
		};
		A8A55B5F6A598E63CA6A2BCD /* Pods */ = {
			isa = PBXGroup;
			children = (
				43A783620A350825DC02A90B /* Pods-FlashVPN.debug.xcconfig */,
				32221E5C9765E106AEAE4498 /* Pods-FlashVPN.release.xcconfig */,
				1CAE7D2C035641F18F1C4AB7 /* Pods-OneSignalNotificationServiceExtension.debug.xcconfig */,
				A24227F7028202CF24CC0834 /* Pods-OneSignalNotificationServiceExtension.release.xcconfig */,
			);
			path = Pods;
			sourceTree = "<group>";
		};
/* End PBXGroup section */

/* Begin PBXNativeTarget section */
		6E4BDCD226C52A980015EC40 /* FlashVPN */ = {
			isa = PBXNativeTarget;
			buildConfigurationList = 6E4BDCE726C52A9B0015EC40 /* Build configuration list for PBXNativeTarget "FlashVPN" */;
			buildPhases = (
				6EC6ECBF7106889D124F5EDD /* [CP] Check Pods Manifest.lock */,
				6E4BDCCF26C52A980015EC40 /* Sources */,
				6E4BDCD026C52A980015EC40 /* Frameworks */,
				6E4BDCD126C52A980015EC40 /* Resources */,
				6E4BDCF626C52AFF0015EC40 /* Embed App Extensions */,
				9CB53D6226D8DDFA005508DB /* Embed Frameworks */,
				EF5C20B5886FBAFEA893FA27 /* [CP] Embed Pods Frameworks */,
			);
			buildRules = (
			);
			dependencies = (
				6E4BDCF426C52AFF0015EC40 /* PBXTargetDependency */,
			);
			name = FlashVPN;
			productName = FlashVPN;
			productReference = 6E4BDCD326C52A980015EC40 /* FlashVPN.app */;
			productType = "com.apple.product-type.application";
		};
		6E4BDCED26C52AFF0015EC40 /* OneSignalNotificationServiceExtension */ = {
			isa = PBXNativeTarget;
			buildConfigurationList = 6E4BDCF926C52AFF0015EC40 /* Build configuration list for PBXNativeTarget "OneSignalNotificationServiceExtension" */;
			buildPhases = (
				EC280DADFD4C50D624CDDB59 /* [CP] Check Pods Manifest.lock */,
				6E4BDCEA26C52AFF0015EC40 /* Sources */,
				6E4BDCEB26C52AFF0015EC40 /* Frameworks */,
				6E4BDCEC26C52AFF0015EC40 /* Resources */,
			);
			buildRules = (
			);
			dependencies = (
			);
			name = OneSignalNotificationServiceExtension;
			productName = OneSignalNotificationServiceExtension;
			productReference = 6E4BDCEE26C52AFF0015EC40 /* OneSignalNotificationServiceExtension.appex */;
			productType = "com.apple.product-type.app-extension";
		};
/* End PBXNativeTarget section */

/* Begin PBXProject section */
		6E4BDCCB26C52A980015EC40 /* Project object */ = {
			isa = PBXProject;
			attributes = {
				LastSwiftUpdateCheck = 1250;
				LastUpgradeCheck = 1250;
				TargetAttributes = {
					6E4BDCD226C52A980015EC40 = {
						CreatedOnToolsVersion = 12.5.1;
					};
					6E4BDCED26C52AFF0015EC40 = {
						CreatedOnToolsVersion = 12.5.1;
					};
				};
			};
			buildConfigurationList = 6E4BDCCE26C52A980015EC40 /* Build configuration list for PBXProject "FlashVPN" */;
			compatibilityVersion = "Xcode 9.3";
			developmentRegion = en;
			hasScannedForEncodings = 0;
			knownRegions = (
				en,
				Base,
			);
			mainGroup = 6E4BDCCA26C52A980015EC40;
			productRefGroup = 6E4BDCD426C52A980015EC40 /* Products */;
			projectDirPath = "";
			projectRoot = "";
			targets = (
				6E4BDCD226C52A980015EC40 /* FlashVPN */,
				6E4BDCED26C52AFF0015EC40 /* OneSignalNotificationServiceExtension */,
			);
		};
/* End PBXProject section */

/* Begin PBXResourcesBuildPhase section */
		6E4BDCD126C52A980015EC40 /* Resources */ = {
			isa = PBXResourcesBuildPhase;
			buildActionMask = 2147483647;
			files = (
				6E79DA7926C82E0D00512135 /* Sofia Pro Regular Italic Az.otf in Resources */,
				6E79DA7526C82E0D00512135 /* Sofia Pro UltraLight Az.otf in Resources */,
				6E79DA7626C82E0D00512135 /* Sofia Pro UltraLight Italic Az.otf in Resources */,
				6E4BDCE326C52A9B0015EC40 /* LaunchScreen.storyboard in Resources */,
				6E79DA6E26C82E0D00512135 /* Sofia Pro Light Italic Az.otf in Resources */,
				6E79DA7226C82E0D00512135 /* Sofia Pro ExtraLight Italic Az.otf in Resources */,
				6E79DA7126C82E0D00512135 /* Sofia Pro Bold Italic Az.otf in Resources */,
				6E79DA7426C82E0D00512135 /* Sofia Pro Semi Bold Az.otf in Resources */,
				6E79DA6D26C82E0D00512135 /* Sofia Pro Bold Az.otf in Resources */,
				6E79DA6C26C82E0D00512135 /* Sofia Pro Black Az.otf in Resources */,
				6E79DA7B26C82E0D00512135 /* Sofia Pro Medium Italic Az.otf in Resources */,
				6E79DA7026C82E0D00512135 /* Sofia Pro Medium Az.otf in Resources */,
				6E79DA7826C82E0D00512135 /* Sofia Pro Light Az.otf in Resources */,
				6E79DA6F26C82E0D00512135 /* Sofia Pro ExtraLight Az.otf in Resources */,
				6E4BDCE026C52A9B0015EC40 /* Assets.xcassets in Resources */,
				6E79DA7326C82E0D00512135 /* Sofia Pro Regular Az.otf in Resources */,
				9CF7F09D2770868800F36271 /* GoogleService-Info.plist in Resources */,
				6E84A30326C9ACAF00D6F5D2 /* SettingsCell.xib in Resources */,
				6E4BDD0426C52D660015EC40 /* loading.json in Resources */,
				6E84A30726C9ACE600D6F5D2 /* LocationViewPrimaryCell.xib in Resources */,
				6E4BDCDE26C52A980015EC40 /* Main.storyboard in Resources */,
				6E79DA7726C82E0D00512135 /* Sofia Pro Semi Bold Italic Az.otf in Resources */,
				6E79DA7A26C82E0D00512135 /* Sofia Pro Black Italic Az.otf in Resources */,
			);
			runOnlyForDeploymentPostprocessing = 0;
		};
		6E4BDCEC26C52AFF0015EC40 /* Resources */ = {
			isa = PBXResourcesBuildPhase;
			buildActionMask = 2147483647;
			files = (
			);
			runOnlyForDeploymentPostprocessing = 0;
		};
/* End PBXResourcesBuildPhase section */

/* Begin PBXShellScriptBuildPhase section */
		6EC6ECBF7106889D124F5EDD /* [CP] Check Pods Manifest.lock */ = {
			isa = PBXShellScriptBuildPhase;
			buildActionMask = 2147483647;
			files = (
			);
			inputFileListPaths = (
			);
			inputPaths = (
				"${PODS_PODFILE_DIR_PATH}/Podfile.lock",
				"${PODS_ROOT}/Manifest.lock",
			);
			name = "[CP] Check Pods Manifest.lock";
			outputFileListPaths = (
			);
			outputPaths = (
				"$(DERIVED_FILE_DIR)/Pods-FlashVPN-checkManifestLockResult.txt",
			);
			runOnlyForDeploymentPostprocessing = 0;
			shellPath = /bin/sh;
			shellScript = "diff \"${PODS_PODFILE_DIR_PATH}/Podfile.lock\" \"${PODS_ROOT}/Manifest.lock\" > /dev/null\nif [ $? != 0 ] ; then\n    # print error to STDERR\n    echo \"error: The sandbox is not in sync with the Podfile.lock. Run 'pod install' or update your CocoaPods installation.\" >&2\n    exit 1\nfi\n# This output is used by Xcode 'outputs' to avoid re-running this script phase.\necho \"SUCCESS\" > \"${SCRIPT_OUTPUT_FILE_0}\"\n";
			showEnvVarsInLog = 0;
		};
		EC280DADFD4C50D624CDDB59 /* [CP] Check Pods Manifest.lock */ = {
			isa = PBXShellScriptBuildPhase;
			buildActionMask = 2147483647;
			files = (
			);
			inputFileListPaths = (
			);
			inputPaths = (
				"${PODS_PODFILE_DIR_PATH}/Podfile.lock",
				"${PODS_ROOT}/Manifest.lock",
			);
			name = "[CP] Check Pods Manifest.lock";
			outputFileListPaths = (
			);
			outputPaths = (
				"$(DERIVED_FILE_DIR)/Pods-OneSignalNotificationServiceExtension-checkManifestLockResult.txt",
			);
			runOnlyForDeploymentPostprocessing = 0;
			shellPath = /bin/sh;
			shellScript = "diff \"${PODS_PODFILE_DIR_PATH}/Podfile.lock\" \"${PODS_ROOT}/Manifest.lock\" > /dev/null\nif [ $? != 0 ] ; then\n    # print error to STDERR\n    echo \"error: The sandbox is not in sync with the Podfile.lock. Run 'pod install' or update your CocoaPods installation.\" >&2\n    exit 1\nfi\n# This output is used by Xcode 'outputs' to avoid re-running this script phase.\necho \"SUCCESS\" > \"${SCRIPT_OUTPUT_FILE_0}\"\n";
			showEnvVarsInLog = 0;
		};
		EF5C20B5886FBAFEA893FA27 /* [CP] Embed Pods Frameworks */ = {
			isa = PBXShellScriptBuildPhase;
			buildActionMask = 2147483647;
			files = (
			);
			inputFileListPaths = (
				"${PODS_ROOT}/Target Support Files/Pods-FlashVPN/Pods-FlashVPN-frameworks-${CONFIGURATION}-input-files.xcfilelist",
			);
			name = "[CP] Embed Pods Frameworks";
			outputFileListPaths = (
				"${PODS_ROOT}/Target Support Files/Pods-FlashVPN/Pods-FlashVPN-frameworks-${CONFIGURATION}-output-files.xcfilelist",
			);
			runOnlyForDeploymentPostprocessing = 0;
			shellPath = /bin/sh;
			shellScript = "\"${PODS_ROOT}/Target Support Files/Pods-FlashVPN/Pods-FlashVPN-frameworks.sh\"\n";
			showEnvVarsInLog = 0;
		};
/* End PBXShellScriptBuildPhase section */

/* Begin PBXSourcesBuildPhase section */
		6E4BDCCF26C52A980015EC40 /* Sources */ = {
			isa = PBXSourcesBuildPhase;
			buildActionMask = 2147483647;
			files = (
				6E4BDCDB26C52A980015EC40 /* LoadingViewController.swift in Sources */,
				6E4BDD0126C52CD50015EC40 /* Extensions.swift in Sources */,
				6E84A30626C9ACE600D6F5D2 /* LocationViewPrimaryCell.swift in Sources */,
				6E84A30226C9ACAF00D6F5D2 /* SettingsCell.swift in Sources */,
				9C16BBD926F22CBE00580A95 /* LandingViewController.swift in Sources */,
				6E4BDCD726C52A980015EC40 /* AppDelegate.swift in Sources */,
				6E4BDD0226C52CD50015EC40 /* AnimationSupport.swift in Sources */,
				6E79D9AB26C6FBA900512135 /* CustomButton.swift in Sources */,
				6EF3AEE326C6561E007365DD /* LocationViewController.swift in Sources */,
				6EC7BD7126C66C410045E42A /* KeychainService.swift in Sources */,
				6E4BDCFF26C52CD50015EC40 /* RadialGradient.swift in Sources */,
				6EC7BD7226C66C410045E42A /* VPNPSK.swift in Sources */,
				9C16BBD326F2053500580A95 /* LandModel.swift in Sources */,
				6EF3AEDF26C65594007365DD /* SettingsViewController.swift in Sources */,
				6EF3AEE126C655D9007365DD /* MainViewController.swift in Sources */,
				6EC7BD7026C66C410045E42A /* ServerUsageTracker.swift in Sources */,
				9C35CCDA27709D6B00DA4069 /* OptimalServer.swift in Sources */,
			);
			runOnlyForDeploymentPostprocessing = 0;
		};
		6E4BDCEA26C52AFF0015EC40 /* Sources */ = {
			isa = PBXSourcesBuildPhase;
			buildActionMask = 2147483647;
			files = (
				6E4BDCF126C52AFF0015EC40 /* NotificationService.swift in Sources */,
			);
			runOnlyForDeploymentPostprocessing = 0;
		};
/* End PBXSourcesBuildPhase section */

/* Begin PBXTargetDependency section */
		6E4BDCF426C52AFF0015EC40 /* PBXTargetDependency */ = {
			isa = PBXTargetDependency;
			target = 6E4BDCED26C52AFF0015EC40 /* OneSignalNotificationServiceExtension */;
			targetProxy = 6E4BDCF326C52AFF0015EC40 /* PBXContainerItemProxy */;
		};
/* End PBXTargetDependency section */

/* Begin PBXVariantGroup section */
		6E4BDCDC26C52A980015EC40 /* Main.storyboard */ = {
			isa = PBXVariantGroup;
			children = (
				6E4BDCDD26C52A980015EC40 /* Base */,
			);
			name = Main.storyboard;
			sourceTree = "<group>";
		};
		6E4BDCE126C52A9B0015EC40 /* LaunchScreen.storyboard */ = {
			isa = PBXVariantGroup;
			children = (
				6E4BDCE226C52A9B0015EC40 /* Base */,
			);
			name = LaunchScreen.storyboard;
			sourceTree = "<group>";
		};
/* End PBXVariantGroup section */

/* Begin XCBuildConfiguration section */
		6E4BDCE526C52A9B0015EC40 /* Debug */ = {
			isa = XCBuildConfiguration;
			buildSettings = {
				ALWAYS_SEARCH_USER_PATHS = NO;
				CLANG_ANALYZER_NONNULL = YES;
				CLANG_ANALYZER_NUMBER_OBJECT_CONVERSION = YES_AGGRESSIVE;
				CLANG_CXX_LANGUAGE_STANDARD = "gnu++14";
				CLANG_CXX_LIBRARY = "libc++";
				CLANG_ENABLE_MODULES = YES;
				CLANG_ENABLE_OBJC_ARC = YES;
				CLANG_ENABLE_OBJC_WEAK = YES;
				CLANG_WARN_BLOCK_CAPTURE_AUTORELEASING = YES;
				CLANG_WARN_BOOL_CONVERSION = YES;
				CLANG_WARN_COMMA = YES;
				CLANG_WARN_CONSTANT_CONVERSION = YES;
				CLANG_WARN_DEPRECATED_OBJC_IMPLEMENTATIONS = YES;
				CLANG_WARN_DIRECT_OBJC_ISA_USAGE = YES_ERROR;
				CLANG_WARN_DOCUMENTATION_COMMENTS = YES;
				CLANG_WARN_EMPTY_BODY = YES;
				CLANG_WARN_ENUM_CONVERSION = YES;
				CLANG_WARN_INFINITE_RECURSION = YES;
				CLANG_WARN_INT_CONVERSION = YES;
				CLANG_WARN_NON_LITERAL_NULL_CONVERSION = YES;
				CLANG_WARN_OBJC_IMPLICIT_RETAIN_SELF = YES;
				CLANG_WARN_OBJC_LITERAL_CONVERSION = YES;
				CLANG_WARN_OBJC_ROOT_CLASS = YES_ERROR;
				CLANG_WARN_QUOTED_INCLUDE_IN_FRAMEWORK_HEADER = YES;
				CLANG_WARN_RANGE_LOOP_ANALYSIS = YES;
				CLANG_WARN_STRICT_PROTOTYPES = YES;
				CLANG_WARN_SUSPICIOUS_MOVE = YES;
				CLANG_WARN_UNGUARDED_AVAILABILITY = YES_AGGRESSIVE;
				CLANG_WARN_UNREACHABLE_CODE = YES;
				CLANG_WARN__DUPLICATE_METHOD_MATCH = YES;
				COPY_PHASE_STRIP = NO;
				DEBUG_INFORMATION_FORMAT = dwarf;
				ENABLE_STRICT_OBJC_MSGSEND = YES;
				ENABLE_TESTABILITY = YES;
				GCC_C_LANGUAGE_STANDARD = gnu11;
				GCC_DYNAMIC_NO_PIC = NO;
				GCC_NO_COMMON_BLOCKS = YES;
				GCC_OPTIMIZATION_LEVEL = 0;
				GCC_PREPROCESSOR_DEFINITIONS = (
					"DEBUG=1",
					"$(inherited)",
				);
				GCC_WARN_64_TO_32_BIT_CONVERSION = YES;
				GCC_WARN_ABOUT_RETURN_TYPE = YES_ERROR;
				GCC_WARN_UNDECLARED_SELECTOR = YES;
				GCC_WARN_UNINITIALIZED_AUTOS = YES_AGGRESSIVE;
				GCC_WARN_UNUSED_FUNCTION = YES;
				GCC_WARN_UNUSED_VARIABLE = YES;
				IPHONEOS_DEPLOYMENT_TARGET = 14.5;
				MTL_ENABLE_DEBUG_INFO = INCLUDE_SOURCE;
				MTL_FAST_MATH = YES;
				ONLY_ACTIVE_ARCH = YES;
				SDKROOT = iphoneos;
				SWIFT_ACTIVE_COMPILATION_CONDITIONS = DEBUG;
				SWIFT_OPTIMIZATION_LEVEL = "-Onone";
			};
			name = Debug;
		};
		6E4BDCE626C52A9B0015EC40 /* Release */ = {
			isa = XCBuildConfiguration;
			buildSettings = {
				ALWAYS_SEARCH_USER_PATHS = NO;
				CLANG_ANALYZER_NONNULL = YES;
				CLANG_ANALYZER_NUMBER_OBJECT_CONVERSION = YES_AGGRESSIVE;
				CLANG_CXX_LANGUAGE_STANDARD = "gnu++14";
				CLANG_CXX_LIBRARY = "libc++";
				CLANG_ENABLE_MODULES = YES;
				CLANG_ENABLE_OBJC_ARC = YES;
				CLANG_ENABLE_OBJC_WEAK = YES;
				CLANG_WARN_BLOCK_CAPTURE_AUTORELEASING = YES;
				CLANG_WARN_BOOL_CONVERSION = YES;
				CLANG_WARN_COMMA = YES;
				CLANG_WARN_CONSTANT_CONVERSION = YES;
				CLANG_WARN_DEPRECATED_OBJC_IMPLEMENTATIONS = YES;
				CLANG_WARN_DIRECT_OBJC_ISA_USAGE = YES_ERROR;
				CLANG_WARN_DOCUMENTATION_COMMENTS = YES;
				CLANG_WARN_EMPTY_BODY = YES;
				CLANG_WARN_ENUM_CONVERSION = YES;
				CLANG_WARN_INFINITE_RECURSION = YES;
				CLANG_WARN_INT_CONVERSION = YES;
				CLANG_WARN_NON_LITERAL_NULL_CONVERSION = YES;
				CLANG_WARN_OBJC_IMPLICIT_RETAIN_SELF = YES;
				CLANG_WARN_OBJC_LITERAL_CONVERSION = YES;
				CLANG_WARN_OBJC_ROOT_CLASS = YES_ERROR;
				CLANG_WARN_QUOTED_INCLUDE_IN_FRAMEWORK_HEADER = YES;
				CLANG_WARN_RANGE_LOOP_ANALYSIS = YES;
				CLANG_WARN_STRICT_PROTOTYPES = YES;
				CLANG_WARN_SUSPICIOUS_MOVE = YES;
				CLANG_WARN_UNGUARDED_AVAILABILITY = YES_AGGRESSIVE;
				CLANG_WARN_UNREACHABLE_CODE = YES;
				CLANG_WARN__DUPLICATE_METHOD_MATCH = YES;
				COPY_PHASE_STRIP = NO;
				DEBUG_INFORMATION_FORMAT = "dwarf-with-dsym";
				ENABLE_NS_ASSERTIONS = NO;
				ENABLE_STRICT_OBJC_MSGSEND = YES;
				GCC_C_LANGUAGE_STANDARD = gnu11;
				GCC_NO_COMMON_BLOCKS = YES;
				GCC_WARN_64_TO_32_BIT_CONVERSION = YES;
				GCC_WARN_ABOUT_RETURN_TYPE = YES_ERROR;
				GCC_WARN_UNDECLARED_SELECTOR = YES;
				GCC_WARN_UNINITIALIZED_AUTOS = YES_AGGRESSIVE;
				GCC_WARN_UNUSED_FUNCTION = YES;
				GCC_WARN_UNUSED_VARIABLE = YES;
				IPHONEOS_DEPLOYMENT_TARGET = 14.5;
				MTL_ENABLE_DEBUG_INFO = NO;
				MTL_FAST_MATH = YES;
				SDKROOT = iphoneos;
				SWIFT_COMPILATION_MODE = wholemodule;
				SWIFT_OPTIMIZATION_LEVEL = "-O";
				VALIDATE_PRODUCT = YES;
			};
			name = Release;
		};
		6E4BDCE826C52A9B0015EC40 /* Debug */ = {
			isa = XCBuildConfiguration;
			baseConfigurationReference = 43A783620A350825DC02A90B /* Pods-FlashVPN.debug.xcconfig */;
			buildSettings = {
				ALWAYS_EMBED_SWIFT_STANDARD_LIBRARIES = NO;
				ASSETCATALOG_COMPILER_APPICON_NAME = AppIcon;
				ASSETCATALOG_COMPILER_GLOBAL_ACCENT_COLOR_NAME = AccentColor;
				CODE_SIGN_ENTITLEMENTS = FlashVPN/FlashVPN.entitlements;
				CODE_SIGN_IDENTITY = "Apple Development";
				CODE_SIGN_STYLE = Automatic;
				CURRENT_PROJECT_VERSION = 1;
				DEVELOPMENT_TEAM = 37GRQQGK7Q;
				ENABLE_BITCODE = NO;
				FRAMEWORK_SEARCH_PATHS = (
					"$(inherited)",
					"$(PROJECT_DIR)/FlashVPN/SCSDK",
					"$(PROJECT_DIR)/FlashVPN/SpeedTest",
					"$(PROJECT_DIR)/FlashVPN/SpeedChecker",
					"$(PROJECT_DIR)/FlashVPN/Service/SpeedTest",
					"$(PROJECT_DIR)/FlashVPN/Service/SCSDK",
					"$(PROJECT_DIR)/FlashVPN/Service/SCK",
				);
				INFOPLIST_FILE = FlashVPN/Info.plist;
				IPHONEOS_DEPLOYMENT_TARGET = 12.1;
				LD_RUNPATH_SEARCH_PATHS = (
					"$(inherited)",
					"@executable_path/Frameworks",
				);
				MARKETING_VERSION = 1.1.2;
				PRODUCT_BUNDLE_IDENTIFIER = com.nyukyivservis.flashvpn;
				PRODUCT_NAME = "$(TARGET_NAME)";
				PROVISIONING_PROFILE_SPECIFIER = "";
				SWIFT_VERSION = 5.0;
				TARGETED_DEVICE_FAMILY = "1,2";
			};
			name = Debug;
		};
		6E4BDCE926C52A9B0015EC40 /* Release */ = {
			isa = XCBuildConfiguration;
			baseConfigurationReference = 32221E5C9765E106AEAE4498 /* Pods-FlashVPN.release.xcconfig */;
			buildSettings = {
				ALWAYS_EMBED_SWIFT_STANDARD_LIBRARIES = NO;
				ASSETCATALOG_COMPILER_APPICON_NAME = AppIcon;
				ASSETCATALOG_COMPILER_GLOBAL_ACCENT_COLOR_NAME = AccentColor;
				CODE_SIGN_ENTITLEMENTS = FlashVPN/FlashVPN.entitlements;
				CODE_SIGN_IDENTITY = "Apple Development";
				CODE_SIGN_STYLE = Automatic;
				CURRENT_PROJECT_VERSION = 1;
				DEVELOPMENT_TEAM = 37GRQQGK7Q;
				ENABLE_BITCODE = NO;
				FRAMEWORK_SEARCH_PATHS = (
					"$(inherited)",
					"$(PROJECT_DIR)/FlashVPN/SCSDK",
					"$(PROJECT_DIR)/FlashVPN/SpeedTest",
					"$(PROJECT_DIR)/FlashVPN/SpeedChecker",
					"$(PROJECT_DIR)/FlashVPN/Service/SpeedTest",
					"$(PROJECT_DIR)/FlashVPN/Service/SCSDK",
					"$(PROJECT_DIR)/FlashVPN/Service/SCK",
				);
				INFOPLIST_FILE = FlashVPN/Info.plist;
				IPHONEOS_DEPLOYMENT_TARGET = 12.1;
				LD_RUNPATH_SEARCH_PATHS = (
					"$(inherited)",
					"@executable_path/Frameworks",
				);
				MARKETING_VERSION = 1.1.2;
				PRODUCT_BUNDLE_IDENTIFIER = com.nyukyivservis.flashvpn;
				PRODUCT_NAME = "$(TARGET_NAME)";
				PROVISIONING_PROFILE_SPECIFIER = "";
				SWIFT_VERSION = 5.0;
				TARGETED_DEVICE_FAMILY = "1,2";
			};
			name = Release;
		};
		6E4BDCF726C52AFF0015EC40 /* Debug */ = {
			isa = XCBuildConfiguration;
			baseConfigurationReference = 1CAE7D2C035641F18F1C4AB7 /* Pods-OneSignalNotificationServiceExtension.debug.xcconfig */;
			buildSettings = {
				CODE_SIGN_IDENTITY = "Apple Development";
				CODE_SIGN_STYLE = Automatic;
				CURRENT_PROJECT_VERSION = 1;
				DEVELOPMENT_TEAM = 37GRQQGK7Q;
				INFOPLIST_FILE = OneSignalNotificationServiceExtension/Info.plist;
				IPHONEOS_DEPLOYMENT_TARGET = 12.1;
				LD_RUNPATH_SEARCH_PATHS = (
					"$(inherited)",
					"@executable_path/Frameworks",
					"@executable_path/../../Frameworks",
				);
				MARKETING_VERSION = 1.1.2;
				PRODUCT_BUNDLE_IDENTIFIER = com.nyukyivservis.flashvpn.OneSignalNotificationServiceExtension;
				PRODUCT_NAME = "$(TARGET_NAME)";
				PROVISIONING_PROFILE_SPECIFIER = "";
				SKIP_INSTALL = YES;
				SWIFT_VERSION = 5.0;
				TARGETED_DEVICE_FAMILY = "1,2";
			};
			name = Debug;
		};
		6E4BDCF826C52AFF0015EC40 /* Release */ = {
			isa = XCBuildConfiguration;
			baseConfigurationReference = A24227F7028202CF24CC0834 /* Pods-OneSignalNotificationServiceExtension.release.xcconfig */;
			buildSettings = {
				CODE_SIGN_IDENTITY = "Apple Development";
				CODE_SIGN_STYLE = Automatic;
				CURRENT_PROJECT_VERSION = 1;
				DEVELOPMENT_TEAM = 37GRQQGK7Q;
				INFOPLIST_FILE = OneSignalNotificationServiceExtension/Info.plist;
				IPHONEOS_DEPLOYMENT_TARGET = 12.1;
				LD_RUNPATH_SEARCH_PATHS = (
					"$(inherited)",
					"@executable_path/Frameworks",
					"@executable_path/../../Frameworks",
				);
				MARKETING_VERSION = 1.1.2;
				PRODUCT_BUNDLE_IDENTIFIER = com.nyukyivservis.flashvpn.OneSignalNotificationServiceExtension;
				PRODUCT_NAME = "$(TARGET_NAME)";
				PROVISIONING_PROFILE_SPECIFIER = "";
				SKIP_INSTALL = YES;
				SWIFT_VERSION = 5.0;
				TARGETED_DEVICE_FAMILY = "1,2";
			};
			name = Release;
		};
/* End XCBuildConfiguration section */

/* Begin XCConfigurationList section */
		6E4BDCCE26C52A980015EC40 /* Build configuration list for PBXProject "FlashVPN" */ = {
			isa = XCConfigurationList;
			buildConfigurations = (
				6E4BDCE526C52A9B0015EC40 /* Debug */,
				6E4BDCE626C52A9B0015EC40 /* Release */,
			);
			defaultConfigurationIsVisible = 0;
			defaultConfigurationName = Release;
		};
		6E4BDCE726C52A9B0015EC40 /* Build configuration list for PBXNativeTarget "FlashVPN" */ = {
			isa = XCConfigurationList;
			buildConfigurations = (
				6E4BDCE826C52A9B0015EC40 /* Debug */,
				6E4BDCE926C52A9B0015EC40 /* Release */,
			);
			defaultConfigurationIsVisible = 0;
			defaultConfigurationName = Release;
		};
		6E4BDCF926C52AFF0015EC40 /* Build configuration list for PBXNativeTarget "OneSignalNotificationServiceExtension" */ = {
			isa = XCConfigurationList;
			buildConfigurations = (
				6E4BDCF726C52AFF0015EC40 /* Debug */,
				6E4BDCF826C52AFF0015EC40 /* Release */,
			);
			defaultConfigurationIsVisible = 0;
			defaultConfigurationName = Release;
		};
/* End XCConfigurationList section */
	};
	rootObject = 6E4BDCCB26C52A980015EC40 /* Project object */;
}
